
Microsoft Visual Studio Solution File, Format Version 12.00
# Visual Studio Version 16
VisualStudioVersion = 16.0.31005.135
MinimumVisualStudioVersion = 10.0.40219.1
Project("{FAE04EC0-301F-11D3-BF4B-00C04F79EFBC}") = "WindowsFormsApp8", "WindowsFormsApp8\WindowsFormsApp8.csproj", "{16305967-96B8-4DFD-B652-37D33A2A51F8}"
EndProject
Global
	GlobalSection(SolutionConfigurationPlatforms) = preSolution
		Debug|Any CPU = Debug|Any CPU
		Release|Any CPU = Release|Any CPU
	EndGlobalSection
	GlobalSection(ProjectConfigurationPlatforms) = postSolution
		{16305967-96B8-4DFD-B652-37D33A2A51F8}.Debug|Any CPU.ActiveCfg = Debug|Any CPU
		{16305967-96B8-4DFD-B652-37D33A2A51F8}.Debug|Any CPU.Build.0 = Debug|Any CPU
		{16305967-96B8-4DFD-B652-37D33A2A51F8}.Release|Any CPU.ActiveCfg = Release|Any CPU
		{16305967-96B8-4DFD-B652-37D33A2A51F8}.Release|Any CPU.Build.0 = Release|Any CPU
	EndGlobalSection
	GlobalSection(SolutionProperties) = preSolution
		HideSolutionNode = FALSE
	EndGlobalSection
	GlobalSection(ExtensibilityGlobals) = postSolution
		SolutionGuid = {060EEF92-7E0A-4717-9210-77041C127E33}
	EndGlobalSection
EndGlobal
