
Microsoft Visual Studio Solution File, Format Version 12.00
# Visual Studio Version 16
VisualStudioVersion = 16.0.31005.135
MinimumVisualStudioVersion = 10.0.40219.1
Project("{FAE04EC0-301F-11D3-BF4B-00C04F79EFBC}") = "WindowsFormsApp1", "WindowsFormsApp1\WindowsFormsApp1.csproj", "{504AAFF4-761C-4A30-B823-7D46A9F38E42}"
EndProject
Global
	GlobalSection(SolutionConfigurationPlatforms) = preSolution
		Debug|Any CPU = Debug|Any CPU
		Release|Any CPU = Release|Any CPU
	EndGlobalSection
	GlobalSection(ProjectConfigurationPlatforms) = postSolution
		{504AAFF4-761C-4A30-B823-7D46A9F38E42}.Debug|Any CPU.ActiveCfg = Debug|Any CPU
		{504AAFF4-761C-4A30-B823-7D46A9F38E42}.Debug|Any CPU.Build.0 = Debug|Any CPU
		{504AAFF4-761C-4A30-B823-7D46A9F38E42}.Release|Any CPU.ActiveCfg = Release|Any CPU
		{504AAFF4-761C-4A30-B823-7D46A9F38E42}.Release|Any CPU.Build.0 = Release|Any CPU
	EndGlobalSection
	GlobalSection(SolutionProperties) = preSolution
		HideSolutionNode = FALSE
	EndGlobalSection
	GlobalSection(ExtensibilityGlobals) = postSolution
		SolutionGuid = {F66B118F-8DF1-44C4-A6A9-44EB6F4863A1}
	EndGlobalSection
EndGlobal
