
Microsoft Visual Studio Solution File, Format Version 12.00
# Visual Studio Version 16
VisualStudioVersion = 16.0.31005.135
MinimumVisualStudioVersion = 10.0.40219.1
Project("{FAE04EC0-301F-11D3-BF4B-00C04F79EFBC}") = "WinTimer2", "WinTimer2\WinTimer2.csproj", "{CBDE1233-114C-4CA2-A450-0BCC8B53C54E}"
EndProject
Global
	GlobalSection(SolutionConfigurationPlatforms) = preSolution
		Debug|Any CPU = Debug|Any CPU
		Release|Any CPU = Release|Any CPU
	EndGlobalSection
	GlobalSection(ProjectConfigurationPlatforms) = postSolution
		{CBDE1233-114C-4CA2-A450-0BCC8B53C54E}.Debug|Any CPU.ActiveCfg = Debug|Any CPU
		{CBDE1233-114C-4CA2-A450-0BCC8B53C54E}.Debug|Any CPU.Build.0 = Debug|Any CPU
		{CBDE1233-114C-4CA2-A450-0BCC8B53C54E}.Release|Any CPU.ActiveCfg = Release|Any CPU
		{CBDE1233-114C-4CA2-A450-0BCC8B53C54E}.Release|Any CPU.Build.0 = Release|Any CPU
	EndGlobalSection
	GlobalSection(SolutionProperties) = preSolution
		HideSolutionNode = FALSE
	EndGlobalSection
	GlobalSection(ExtensibilityGlobals) = postSolution
		SolutionGuid = {9E0723DB-7092-40B2-A996-E281DA3397E3}
	EndGlobalSection
EndGlobal
